
Microsoft Visual Studio Solution File, Format Version 12.00
# Visual Studio 15
VisualStudioVersion = 15.0.26403.3
MinimumVisualStudioVersion = 10.0.40219.1
Project("{FAE04EC0-301F-11D3-BF4B-00C04F79EFBC}") = "NetDon", "NetDon\NetDon.csproj", "{BB8E3F5A-5191-44AF-B388-94BEF6807DE1}"
EndProject
Project("{D954291E-2A0B-460D-934E-DC6B0785DB48}") = "NetDon.Share", "NetDon.Share\NetDon.Share.shproj", "{5E5FFF02-134D-4603-9768-5002C7854AC0}"
EndProject
Project("{FAE04EC0-301F-11D3-BF4B-00C04F79EFBC}") = "NetDon.Register", "NetDon.Register\NetDon.Register.csproj", "{0C7A35CA-9690-4124-AD74-55916CE96E61}"
EndProject
Project("{FAE04EC0-301F-11D3-BF4B-00C04F79EFBC}") = "NetDon.Tests", "NetDon.Tests\NetDon.Tests.csproj", "{56E7CCC3-67B0-441D-8050-4619851B946B}"
EndProject
Project("{FAE04EC0-301F-11D3-BF4B-00C04F79EFBC}") = "NetDon.Tests.Uwp", "NetDon.Tests.Uwp\NetDon.Tests.Uwp.csproj", "{9A2B5FED-C948-44DC-AC87-94C168042A1E}"
EndProject
Global
	GlobalSection(SharedMSBuildProjectFiles) = preSolution
		NetDon.Share\NetDon.Share.projitems*{5e5fff02-134d-4603-9768-5002c7854ac0}*SharedItemsImports = 13
	EndGlobalSection
	GlobalSection(SolutionConfigurationPlatforms) = preSolution
		Debug|Any CPU = Debug|Any CPU
		Debug|ARM = Debug|ARM
		Debug|x64 = Debug|x64
		Debug|x86 = Debug|x86
		Release|Any CPU = Release|Any CPU
		Release|ARM = Release|ARM
		Release|x64 = Release|x64
		Release|x86 = Release|x86
	EndGlobalSection
	GlobalSection(ProjectConfigurationPlatforms) = postSolution
		{BB8E3F5A-5191-44AF-B388-94BEF6807DE1}.Debug|Any CPU.ActiveCfg = Debug|Any CPU
		{BB8E3F5A-5191-44AF-B388-94BEF6807DE1}.Debug|Any CPU.Build.0 = Debug|Any CPU
		{BB8E3F5A-5191-44AF-B388-94BEF6807DE1}.Debug|ARM.ActiveCfg = Debug|Any CPU
		{BB8E3F5A-5191-44AF-B388-94BEF6807DE1}.Debug|ARM.Build.0 = Debug|Any CPU
		{BB8E3F5A-5191-44AF-B388-94BEF6807DE1}.Debug|x64.ActiveCfg = Debug|Any CPU
		{BB8E3F5A-5191-44AF-B388-94BEF6807DE1}.Debug|x64.Build.0 = Debug|Any CPU
		{BB8E3F5A-5191-44AF-B388-94BEF6807DE1}.Debug|x86.ActiveCfg = Debug|Any CPU
		{BB8E3F5A-5191-44AF-B388-94BEF6807DE1}.Debug|x86.Build.0 = Debug|Any CPU
		{BB8E3F5A-5191-44AF-B388-94BEF6807DE1}.Release|Any CPU.ActiveCfg = Release|Any CPU
		{BB8E3F5A-5191-44AF-B388-94BEF6807DE1}.Release|Any CPU.Build.0 = Release|Any CPU
		{BB8E3F5A-5191-44AF-B388-94BEF6807DE1}.Release|ARM.ActiveCfg = Release|Any CPU
		{BB8E3F5A-5191-44AF-B388-94BEF6807DE1}.Release|ARM.Build.0 = Release|Any CPU
		{BB8E3F5A-5191-44AF-B388-94BEF6807DE1}.Release|x64.ActiveCfg = Release|Any CPU
		{BB8E3F5A-5191-44AF-B388-94BEF6807DE1}.Release|x64.Build.0 = Release|Any CPU
		{BB8E3F5A-5191-44AF-B388-94BEF6807DE1}.Release|x86.ActiveCfg = Release|Any CPU
		{BB8E3F5A-5191-44AF-B388-94BEF6807DE1}.Release|x86.Build.0 = Release|Any CPU
		{0C7A35CA-9690-4124-AD74-55916CE96E61}.Debug|Any CPU.ActiveCfg = Debug|Any CPU
		{0C7A35CA-9690-4124-AD74-55916CE96E61}.Debug|Any CPU.Build.0 = Debug|Any CPU
		{0C7A35CA-9690-4124-AD74-55916CE96E61}.Debug|ARM.ActiveCfg = Debug|Any CPU
		{0C7A35CA-9690-4124-AD74-55916CE96E61}.Debug|ARM.Build.0 = Debug|Any CPU
		{0C7A35CA-9690-4124-AD74-55916CE96E61}.Debug|x64.ActiveCfg = Debug|Any CPU
		{0C7A35CA-9690-4124-AD74-55916CE96E61}.Debug|x64.Build.0 = Debug|Any CPU
		{0C7A35CA-9690-4124-AD74-55916CE96E61}.Debug|x86.ActiveCfg = Debug|Any CPU
		{0C7A35CA-9690-4124-AD74-55916CE96E61}.Debug|x86.Build.0 = Debug|Any CPU
		{0C7A35CA-9690-4124-AD74-55916CE96E61}.Release|Any CPU.ActiveCfg = Release|Any CPU
		{0C7A35CA-9690-4124-AD74-55916CE96E61}.Release|Any CPU.Build.0 = Release|Any CPU
		{0C7A35CA-9690-4124-AD74-55916CE96E61}.Release|ARM.ActiveCfg = Release|Any CPU
		{0C7A35CA-9690-4124-AD74-55916CE96E61}.Release|ARM.Build.0 = Release|Any CPU
		{0C7A35CA-9690-4124-AD74-55916CE96E61}.Release|x64.ActiveCfg = Release|Any CPU
		{0C7A35CA-9690-4124-AD74-55916CE96E61}.Release|x64.Build.0 = Release|Any CPU
		{0C7A35CA-9690-4124-AD74-55916CE96E61}.Release|x86.ActiveCfg = Release|Any CPU
		{0C7A35CA-9690-4124-AD74-55916CE96E61}.Release|x86.Build.0 = Release|Any CPU
		{56E7CCC3-67B0-441D-8050-4619851B946B}.Debug|Any CPU.ActiveCfg = Debug|Any CPU
		{56E7CCC3-67B0-441D-8050-4619851B946B}.Debug|Any CPU.Build.0 = Debug|Any CPU
		{56E7CCC3-67B0-441D-8050-4619851B946B}.Debug|ARM.ActiveCfg = Debug|Any CPU
		{56E7CCC3-67B0-441D-8050-4619851B946B}.Debug|ARM.Build.0 = Debug|Any CPU
		{56E7CCC3-67B0-441D-8050-4619851B946B}.Debug|x64.ActiveCfg = Debug|Any CPU
		{56E7CCC3-67B0-441D-8050-4619851B946B}.Debug|x64.Build.0 = Debug|Any CPU
		{56E7CCC3-67B0-441D-8050-4619851B946B}.Debug|x86.ActiveCfg = Debug|Any CPU
		{56E7CCC3-67B0-441D-8050-4619851B946B}.Debug|x86.Build.0 = Debug|Any CPU
		{56E7CCC3-67B0-441D-8050-4619851B946B}.Release|Any CPU.ActiveCfg = Release|Any CPU
		{56E7CCC3-67B0-441D-8050-4619851B946B}.Release|Any CPU.Build.0 = Release|Any CPU
		{56E7CCC3-67B0-441D-8050-4619851B946B}.Release|ARM.ActiveCfg = Release|Any CPU
		{56E7CCC3-67B0-441D-8050-4619851B946B}.Release|ARM.Build.0 = Release|Any CPU
		{56E7CCC3-67B0-441D-8050-4619851B946B}.Release|x64.ActiveCfg = Release|Any CPU
		{56E7CCC3-67B0-441D-8050-4619851B946B}.Release|x64.Build.0 = Release|Any CPU
		{56E7CCC3-67B0-441D-8050-4619851B946B}.Release|x86.ActiveCfg = Release|Any CPU
		{56E7CCC3-67B0-441D-8050-4619851B946B}.Release|x86.Build.0 = Release|Any CPU
		{9A2B5FED-C948-44DC-AC87-94C168042A1E}.Debug|Any CPU.ActiveCfg = Debug|x86
		{9A2B5FED-C948-44DC-AC87-94C168042A1E}.Debug|ARM.ActiveCfg = Debug|ARM
		{9A2B5FED-C948-44DC-AC87-94C168042A1E}.Debug|ARM.Build.0 = Debug|ARM
		{9A2B5FED-C948-44DC-AC87-94C168042A1E}.Debug|ARM.Deploy.0 = Debug|ARM
		{9A2B5FED-C948-44DC-AC87-94C168042A1E}.Debug|x64.ActiveCfg = Debug|x64
		{9A2B5FED-C948-44DC-AC87-94C168042A1E}.Debug|x64.Build.0 = Debug|x64
		{9A2B5FED-C948-44DC-AC87-94C168042A1E}.Debug|x64.Deploy.0 = Debug|x64
		{9A2B5FED-C948-44DC-AC87-94C168042A1E}.Debug|x86.ActiveCfg = Debug|x86
		{9A2B5FED-C948-44DC-AC87-94C168042A1E}.Debug|x86.Build.0 = Debug|x86
		{9A2B5FED-C948-44DC-AC87-94C168042A1E}.Debug|x86.Deploy.0 = Debug|x86
		{9A2B5FED-C948-44DC-AC87-94C168042A1E}.Release|Any CPU.ActiveCfg = Release|x86
		{9A2B5FED-C948-44DC-AC87-94C168042A1E}.Release|ARM.ActiveCfg = Release|ARM
		{9A2B5FED-C948-44DC-AC87-94C168042A1E}.Release|ARM.Build.0 = Release|ARM
		{9A2B5FED-C948-44DC-AC87-94C168042A1E}.Release|ARM.Deploy.0 = Release|ARM
		{9A2B5FED-C948-44DC-AC87-94C168042A1E}.Release|x64.ActiveCfg = Release|x64
		{9A2B5FED-C948-44DC-AC87-94C168042A1E}.Release|x64.Build.0 = Release|x64
		{9A2B5FED-C948-44DC-AC87-94C168042A1E}.Release|x64.Deploy.0 = Release|x64
		{9A2B5FED-C948-44DC-AC87-94C168042A1E}.Release|x86.ActiveCfg = Release|x86
		{9A2B5FED-C948-44DC-AC87-94C168042A1E}.Release|x86.Build.0 = Release|x86
		{9A2B5FED-C948-44DC-AC87-94C168042A1E}.Release|x86.Deploy.0 = Release|x86
	EndGlobalSection
	GlobalSection(SolutionProperties) = preSolution
		HideSolutionNode = FALSE
	EndGlobalSection
EndGlobal
